
Microsoft Visual Studio Solution File, Format Version 12.00
# Visual Studio Version 17
VisualStudioVersion = 17.0.31903.59
MinimumVisualStudioVersion = 10.0.40219.1
Project("{FAE04EC0-301F-11D3-BF4B-00C04F79EFBC}") = "PatientData", "PatientData\PatientData.csproj", "{78E68501-76C0-4858-A3DB-77DF70022670}"
EndProject
Project("{FAE04EC0-301F-11D3-BF4B-00C04F79EFBC}") = "AdminService", "AdminService\AdminService.csproj", "{6795F215-5240-4A04-907E-56EF1AFCD79F}"
EndProject
Project("{FAE04EC0-301F-11D3-BF4B-00C04F79EFBC}") = "DataGenerator", "DataGenerator\DataGenerator.csproj", "{2FCD745D-CA94-47CD-82B6-A2ED385F337B}"
EndProject
Project("{FAE04EC0-301F-11D3-BF4B-00C04F79EFBC}") = "PatientGegevensService", "PatientGegevensService\PatientGegevensService.csproj", "{D0E0A643-46DA-445F-9E15-134E2C0D7FAD}"
EndProject
Project("{2150E333-8FDC-42A3-9474-1A3956D46DE8}") = "Solution Items", "Solution Items", "{2F1187AA-FFB4-4DAB-B377-5E1E28E0C650}"
	ProjectSection(SolutionItems) = preProject
		docker-compose.yml = docker-compose.yml
	EndProjectSection
EndProject
Project("{FAE04EC0-301F-11D3-BF4B-00C04F79EFBC}") = "Dokterservice", "Dokterservice\Dokterservice.csproj", "{58ABB456-D930-482B-AAC8-AD9FD271D72D}"
EndProject
Project("{FAE04EC0-301F-11D3-BF4B-00C04F79EFBC}") = "RealtimeDataService", "RealtimeDataService\RealtimeDataService.csproj", "{48481A75-02CB-4F1C-9013-D9B4CEADB93C}"
EndProject
Project("{FAE04EC0-301F-11D3-BF4B-00C04F79EFBC}") = "meldingenservice", "meldingenservice\meldingenservice.csproj", "{98F30C47-8EDF-4709-8F52-A9ED115F13CE}"
EndProject
Global
	GlobalSection(SolutionConfigurationPlatforms) = preSolution
		Debug|Any CPU = Debug|Any CPU
		Release|Any CPU = Release|Any CPU
	EndGlobalSection
	GlobalSection(SolutionProperties) = preSolution
		HideSolutionNode = FALSE
	EndGlobalSection
	GlobalSection(ProjectConfigurationPlatforms) = postSolution
		{78E68501-76C0-4858-A3DB-77DF70022670}.Debug|Any CPU.ActiveCfg = Debug|Any CPU
		{78E68501-76C0-4858-A3DB-77DF70022670}.Debug|Any CPU.Build.0 = Debug|Any CPU
		{78E68501-76C0-4858-A3DB-77DF70022670}.Release|Any CPU.ActiveCfg = Release|Any CPU
		{78E68501-76C0-4858-A3DB-77DF70022670}.Release|Any CPU.Build.0 = Release|Any CPU
		{6795F215-5240-4A04-907E-56EF1AFCD79F}.Debug|Any CPU.ActiveCfg = Debug|Any CPU
		{6795F215-5240-4A04-907E-56EF1AFCD79F}.Debug|Any CPU.Build.0 = Debug|Any CPU
		{6795F215-5240-4A04-907E-56EF1AFCD79F}.Release|Any CPU.ActiveCfg = Release|Any CPU
		{6795F215-5240-4A04-907E-56EF1AFCD79F}.Release|Any CPU.Build.0 = Release|Any CPU
		{2FCD745D-CA94-47CD-82B6-A2ED385F337B}.Debug|Any CPU.ActiveCfg = Debug|Any CPU
		{2FCD745D-CA94-47CD-82B6-A2ED385F337B}.Debug|Any CPU.Build.0 = Debug|Any CPU
		{2FCD745D-CA94-47CD-82B6-A2ED385F337B}.Release|Any CPU.ActiveCfg = Release|Any CPU
		{2FCD745D-CA94-47CD-82B6-A2ED385F337B}.Release|Any CPU.Build.0 = Release|Any CPU
		{D0E0A643-46DA-445F-9E15-134E2C0D7FAD}.Debug|Any CPU.ActiveCfg = Debug|Any CPU
		{D0E0A643-46DA-445F-9E15-134E2C0D7FAD}.Debug|Any CPU.Build.0 = Debug|Any CPU
		{D0E0A643-46DA-445F-9E15-134E2C0D7FAD}.Release|Any CPU.ActiveCfg = Release|Any CPU
		{D0E0A643-46DA-445F-9E15-134E2C0D7FAD}.Release|Any CPU.Build.0 = Release|Any CPU
		{58ABB456-D930-482B-AAC8-AD9FD271D72D}.Debug|Any CPU.ActiveCfg = Debug|Any CPU
		{58ABB456-D930-482B-AAC8-AD9FD271D72D}.Debug|Any CPU.Build.0 = Debug|Any CPU
		{58ABB456-D930-482B-AAC8-AD9FD271D72D}.Release|Any CPU.ActiveCfg = Release|Any CPU
		{58ABB456-D930-482B-AAC8-AD9FD271D72D}.Release|Any CPU.Build.0 = Release|Any CPU
		{48481A75-02CB-4F1C-9013-D9B4CEADB93C}.Debug|Any CPU.ActiveCfg = Debug|Any CPU
		{48481A75-02CB-4F1C-9013-D9B4CEADB93C}.Debug|Any CPU.Build.0 = Debug|Any CPU
		{48481A75-02CB-4F1C-9013-D9B4CEADB93C}.Release|Any CPU.ActiveCfg = Release|Any CPU
		{48481A75-02CB-4F1C-9013-D9B4CEADB93C}.Release|Any CPU.Build.0 = Release|Any CPU
		{98F30C47-8EDF-4709-8F52-A9ED115F13CE}.Debug|Any CPU.ActiveCfg = Debug|Any CPU
		{98F30C47-8EDF-4709-8F52-A9ED115F13CE}.Debug|Any CPU.Build.0 = Debug|Any CPU
		{98F30C47-8EDF-4709-8F52-A9ED115F13CE}.Release|Any CPU.ActiveCfg = Release|Any CPU
		{98F30C47-8EDF-4709-8F52-A9ED115F13CE}.Release|Any CPU.Build.0 = Release|Any CPU
	EndGlobalSection
EndGlobal
